
Microsoft Visual Studio Solution File, Format Version 12.00
Project("{FAE04EC0-301F-11D3-BF4B-00C04F79EFBC}") = "AzangaraRoomToObj", "AzangaraRoomToObj\AzangaraRoomToObj.csproj", "{FEED2A57-43B9-4D0E-9A9C-84E160182BFF}"
EndProject
Project("{FAE04EC0-301F-11D3-BF4B-00C04F79EFBC}") = "AzangaraTools", "AzangaraTools\AzangaraTools.csproj", "{C5E07B16-43AF-4B8B-BA2D-F6316B33619D}"
EndProject
Global
	GlobalSection(SolutionConfigurationPlatforms) = preSolution
		Debug|Any CPU = Debug|Any CPU
		Release|Any CPU = Release|Any CPU
	EndGlobalSection
	GlobalSection(ProjectConfigurationPlatforms) = postSolution
		{FEED2A57-43B9-4D0E-9A9C-84E160182BFF}.Debug|Any CPU.ActiveCfg = Debug|Any CPU
		{FEED2A57-43B9-4D0E-9A9C-84E160182BFF}.Debug|Any CPU.Build.0 = Debug|Any CPU
		{FEED2A57-43B9-4D0E-9A9C-84E160182BFF}.Release|Any CPU.ActiveCfg = Release|Any CPU
		{FEED2A57-43B9-4D0E-9A9C-84E160182BFF}.Release|Any CPU.Build.0 = Release|Any CPU
		{C5E07B16-43AF-4B8B-BA2D-F6316B33619D}.Debug|Any CPU.ActiveCfg = Debug|Any CPU
		{C5E07B16-43AF-4B8B-BA2D-F6316B33619D}.Debug|Any CPU.Build.0 = Debug|Any CPU
		{C5E07B16-43AF-4B8B-BA2D-F6316B33619D}.Release|Any CPU.ActiveCfg = Release|Any CPU
		{C5E07B16-43AF-4B8B-BA2D-F6316B33619D}.Release|Any CPU.Build.0 = Release|Any CPU
	EndGlobalSection
EndGlobal
